
Microsoft Visual Studio Solution File, Format Version 12.00
# Visual Studio 15
VisualStudioVersion = 15.0.28307.329
MinimumVisualStudioVersion = 10.0.40219.1
Project("{FAE04EC0-301F-11D3-BF4B-00C04F79EFBC}") = "lab3", "lab3\lab3.csproj", "{068BB21D-B9DC-4C2E-935B-01D02E76F65D}"
EndProject
Global
	GlobalSection(SolutionConfigurationPlatforms) = preSolution
		Debug|Any CPU = Debug|Any CPU
		Release|Any CPU = Release|Any CPU
	EndGlobalSection
	GlobalSection(ProjectConfigurationPlatforms) = postSolution
		{068BB21D-B9DC-4C2E-935B-01D02E76F65D}.Debug|Any CPU.ActiveCfg = Debug|Any CPU
		{068BB21D-B9DC-4C2E-935B-01D02E76F65D}.Debug|Any CPU.Build.0 = Debug|Any CPU
		{068BB21D-B9DC-4C2E-935B-01D02E76F65D}.Release|Any CPU.ActiveCfg = Release|Any CPU
		{068BB21D-B9DC-4C2E-935B-01D02E76F65D}.Release|Any CPU.Build.0 = Release|Any CPU
	EndGlobalSection
	GlobalSection(SolutionProperties) = preSolution
		HideSolutionNode = FALSE
	EndGlobalSection
	GlobalSection(ExtensibilityGlobals) = postSolution
		SolutionGuid = {76A418AE-B585-4854-95D4-E0E866DF4151}
	EndGlobalSection
EndGlobal
